// !$*UTF8*$!
{
	archiveVersion = 1;
	classes = {
	};
	objectVersion = 55;
	objects = {

/* Begin PBXBuildFile section */
		2BC427E2281B33BE002AC304 /* AppDelegate.swift in Sources */ = {isa = PBXBuildFile; fileRef = 2BC427E1281B33BE002AC304 /* AppDelegate.swift */; };
		2BC427E4281B33BE002AC304 /* SceneDelegate.swift in Sources */ = {isa = PBXBuildFile; fileRef = 2BC427E3281B33BE002AC304 /* SceneDelegate.swift */; };
		2BC427E6281B33BE002AC304 /* ViewController.swift in Sources */ = {isa = PBXBuildFile; fileRef = 2BC427E5281B33BE002AC304 /* ViewController.swift */; };
		2BC427E9281B33BE002AC304 /* Main.storyboard in Resources */ = {isa = PBXBuildFile; fileRef = 2BC427E7281B33BE002AC304 /* Main.storyboard */; };
		2BC427EB281B33C0002AC304 /* Assets.xcassets in Resources */ = {isa = PBXBuildFile; fileRef = 2BC427EA281B33C0002AC304 /* Assets.xcassets */; };
		2BC427EE281B33C0002AC304 /* LaunchScreen.storyboard in Resources */ = {isa = PBXBuildFile; fileRef = 2BC427EC281B33C0002AC304 /* LaunchScreen.storyboard */; };
		2BC427F9281B33C0002AC304 /* kmWordleTests.swift in Sources */ = {isa = PBXBuildFile; fileRef = 2BC427F8281B33C0002AC304 /* kmWordleTests.swift */; };
		2BC42803281B33C0002AC304 /* kmWordleUITests.swift in Sources */ = {isa = PBXBuildFile; fileRef = 2BC42802281B33C0002AC304 /* kmWordleUITests.swift */; };
		2BC42805281B33C0002AC304 /* kmWordleUITestsLaunchTests.swift in Sources */ = {isa = PBXBuildFile; fileRef = 2BC42804281B33C0002AC304 /* kmWordleUITestsLaunchTests.swift */; };
/* End PBXBuildFile section */

/* Begin PBXContainerItemProxy section */
		2BC427F5281B33C0002AC304 /* PBXContainerItemProxy */ = {
			isa = PBXContainerItemProxy;
			containerPortal = 2BC427D6281B33BE002AC304 /* Project object */;
			proxyType = 1;
			remoteGlobalIDString = 2BC427DD281B33BE002AC304;
			remoteInfo = kmWordle;
		};
		2BC427FF281B33C0002AC304 /* PBXContainerItemProxy */ = {
			isa = PBXContainerItemProxy;
			containerPortal = 2BC427D6281B33BE002AC304 /* Project object */;
			proxyType = 1;
			remoteGlobalIDString = 2BC427DD281B33BE002AC304;
			remoteInfo = kmWordle;
		};
/* End PBXContainerItemProxy section */

/* Begin PBXFileReference section */
		2BC427DE281B33BE002AC304 /* kmWordle.app */ = {isa = PBXFileReference; explicitFileType = wrapper.application; includeInIndex = 0; path = kmWordle.app; sourceTree = BUILT_PRODUCTS_DIR; };
		2BC427E1281B33BE002AC304 /* AppDelegate.swift */ = {isa = PBXFileReference; lastKnownFileType = sourcecode.swift; path = AppDelegate.swift; sourceTree = "<group>"; };
		2BC427E3281B33BE002AC304 /* SceneDelegate.swift */ = {isa = PBXFileReference; lastKnownFileType = sourcecode.swift; path = SceneDelegate.swift; sourceTree = "<group>"; };
		2BC427E5281B33BE002AC304 /* ViewController.swift */ = {isa = PBXFileReference; lastKnownFileType = sourcecode.swift; path = ViewController.swift; sourceTree = "<group>"; };
		2BC427E8281B33BE002AC304 /* Base */ = {isa = PBXFileReference; lastKnownFileType = file.storyboard; name = Base; path = Base.lproj/Main.storyboard; sourceTree = "<group>"; };
		2BC427EA281B33C0002AC304 /* Assets.xcassets */ = {isa = PBXFileReference; lastKnownFileType = folder.assetcatalog; path = Assets.xcassets; sourceTree = "<group>"; };
		2BC427ED281B33C0002AC304 /* Base */ = {isa = PBXFileReference; lastKnownFileType = file.storyboard; name = Base; path = Base.lproj/LaunchScreen.storyboard; sourceTree = "<group>"; };
		2BC427EF281B33C0002AC304 /* Info.plist */ = {isa = PBXFileReference; lastKnownFileType = text.plist.xml; path = Info.plist; sourceTree = "<group>"; };
		2BC427F4281B33C0002AC304 /* kmWordleTests.xctest */ = {isa = PBXFileReference; explicitFileType = wrapper.cfbundle; includeInIndex = 0; path = kmWordleTests.xctest; sourceTree = BUILT_PRODUCTS_DIR; };
		2BC427F8281B33C0002AC304 /* kmWordleTests.swift */ = {isa = PBXFileReference; lastKnownFileType = sourcecode.swift; path = kmWordleTests.swift; sourceTree = "<group>"; };
		2BC427FE281B33C0002AC304 /* kmWordleUITests.xctest */ = {isa = PBXFileReference; explicitFileType = wrapper.cfbundle; includeInIndex = 0; path = kmWordleUITests.xctest; sourceTree = BUILT_PRODUCTS_DIR; };
		2BC42802281B33C0002AC304 /* kmWordleUITests.swift */ = {isa = PBXFileReference; lastKnownFileType = sourcecode.swift; path = kmWordleUITests.swift; sourceTree = "<group>"; };
		2BC42804281B33C0002AC304 /* kmWordleUITestsLaunchTests.swift */ = {isa = PBXFileReference; lastKnownFileType = sourcecode.swift; path = kmWordleUITestsLaunchTests.swift; sourceTree = "<group>"; };
/* End PBXFileReference section */

/* Begin PBXFrameworksBuildPhase section */
		2BC427DB281B33BE002AC304 /* Frameworks */ = {
			isa = PBXFrameworksBuildPhase;
			buildActionMask = 2147483647;
			files = (
			);
			runOnlyForDeploymentPostprocessing = 0;
		};
		2BC427F1281B33C0002AC304 /* Frameworks */ = {
			isa = PBXFrameworksBuildPhase;
			buildActionMask = 2147483647;
			files = (
			);
			runOnlyForDeploymentPostprocessing = 0;
		};
		2BC427FB281B33C0002AC304 /* Frameworks */ = {
			isa = PBXFrameworksBuildPhase;
			buildActionMask = 2147483647;
			files = (
			);
			runOnlyForDeploymentPostprocessing = 0;
		};
/* End PBXFrameworksBuildPhase section */

/* Begin PBXGroup section */
		2BC427D5281B33BE002AC304 = {
			isa = PBXGroup;
			children = (
				2BC427E0281B33BE002AC304 /* kmWordle */,
				2BC427F7281B33C0002AC304 /* kmWordleTests */,
				2BC42801281B33C0002AC304 /* kmWordleUITests */,
				2BC427DF281B33BE002AC304 /* Products */,
			);
			sourceTree = "<group>";
		};
		2BC427DF281B33BE002AC304 /* Products */ = {
			isa = PBXGroup;
			children = (
				2BC427DE281B33BE002AC304 /* kmWordle.app */,
				2BC427F4281B33C0002AC304 /* kmWordleTests.xctest */,
				2BC427FE281B33C0002AC304 /* kmWordleUITests.xctest */,
			);
			name = Products;
			sourceTree = "<group>";
		};
		2BC427E0281B33BE002AC304 /* kmWordle */ = {
			isa = PBXGroup;
			children = (
				2BC427E1281B33BE002AC304 /* AppDelegate.swift */,
				2BC427E3281B33BE002AC304 /* SceneDelegate.swift */,
				2BC427E5281B33BE002AC304 /* ViewController.swift */,
				2BC427E7281B33BE002AC304 /* Main.storyboard */,
				2BC427EA281B33C0002AC304 /* Assets.xcassets */,
				2BC427EC281B33C0002AC304 /* LaunchScreen.storyboard */,
				2BC427EF281B33C0002AC304 /* Info.plist */,
			);
			path = kmWordle;
			sourceTree = "<group>";
		};
		2BC427F7281B33C0002AC304 /* kmWordleTests */ = {
			isa = PBXGroup;
			children = (
				2BC427F8281B33C0002AC304 /* kmWordleTests.swift */,
			);
			path = kmWordleTests;
			sourceTree = "<group>";
		};
		2BC42801281B33C0002AC304 /* kmWordleUITests */ = {
			isa = PBXGroup;
			children = (
				2BC42802281B33C0002AC304 /* kmWordleUITests.swift */,
				2BC42804281B33C0002AC304 /* kmWordleUITestsLaunchTests.swift */,
			);
			path = kmWordleUITests;
			sourceTree = "<group>";
		};
/* End PBXGroup section */

/* Begin PBXNativeTarget section */
		2BC427DD281B33BE002AC304 /* kmWordle */ = {
			isa = PBXNativeTarget;
			buildConfigurationList = 2BC42808281B33C0002AC304 /* Build configuration list for PBXNativeTarget "kmWordle" */;
			buildPhases = (
				2BC427DA281B33BE002AC304 /* Sources */,
				2BC427DB281B33BE002AC304 /* Frameworks */,
				2BC427DC281B33BE002AC304 /* Resources */,
			);
			buildRules = (
			);
			dependencies = (
			);
			name = kmWordle;
			productName = kmWordle;
			productReference = 2BC427DE281B33BE002AC304 /* kmWordle.app */;
			productType = "com.apple.product-type.application";
		};
		2BC427F3281B33C0002AC304 /* kmWordleTests */ = {
			isa = PBXNativeTarget;
			buildConfigurationList = 2BC4280B281B33C0002AC304 /* Build configuration list for PBXNativeTarget "kmWordleTests" */;
			buildPhases = (
				2BC427F0281B33C0002AC304 /* Sources */,
				2BC427F1281B33C0002AC304 /* Frameworks */,
				2BC427F2281B33C0002AC304 /* Resources */,
			);
			buildRules = (
			);
			dependencies = (
				2BC427F6281B33C0002AC304 /* PBXTargetDependency */,
			);
			name = kmWordleTests;
			productName = kmWordleTests;
			productReference = 2BC427F4281B33C0002AC304 /* kmWordleTests.xctest */;
			productType = "com.apple.product-type.bundle.unit-test";
		};
		2BC427FD281B33C0002AC304 /* kmWordleUITests */ = {
			isa = PBXNativeTarget;
			buildConfigurationList = 2BC4280E281B33C0002AC304 /* Build configuration list for PBXNativeTarget "kmWordleUITests" */;
			buildPhases = (
				2BC427FA281B33C0002AC304 /* Sources */,
				2BC427FB281B33C0002AC304 /* Frameworks */,
				2BC427FC281B33C0002AC304 /* Resources */,
			);
			buildRules = (
			);
			dependencies = (
				2BC42800281B33C0002AC304 /* PBXTargetDependency */,
			);
			name = kmWordleUITests;
			productName = kmWordleUITests;
			productReference = 2BC427FE281B33C0002AC304 /* kmWordleUITests.xctest */;
			productType = "com.apple.product-type.bundle.ui-testing";
		};
/* End PBXNativeTarget section */

/* Begin PBXProject section */
		2BC427D6281B33BE002AC304 /* Project object */ = {
			isa = PBXProject;
			attributes = {
				BuildIndependentTargetsInParallel = 1;
				LastSwiftUpdateCheck = 1330;
				LastUpgradeCheck = 1330;
				TargetAttributes = {
					2BC427DD281B33BE002AC304 = {
						CreatedOnToolsVersion = 13.3.1;
					};
					2BC427F3281B33C0002AC304 = {
						CreatedOnToolsVersion = 13.3.1;
						TestTargetID = 2BC427DD281B33BE002AC304;
					};
					2BC427FD281B33C0002AC304 = {
						CreatedOnToolsVersion = 13.3.1;
						TestTargetID = 2BC427DD281B33BE002AC304;
					};
				};
			};
			buildConfigurationList = 2BC427D9281B33BE002AC304 /* Build configuration list for PBXProject "kmWordle" */;
			compatibilityVersion = "Xcode 13.0";
			developmentRegion = en;
			hasScannedForEncodings = 0;
			knownRegions = (
				en,
				Base,
			);
			mainGroup = 2BC427D5281B33BE002AC304;
			productRefGroup = 2BC427DF281B33BE002AC304 /* Products */;
			projectDirPath = "";
			projectRoot = "";
			targets = (
				2BC427DD281B33BE002AC304 /* kmWordle */,
				2BC427F3281B33C0002AC304 /* kmWordleTests */,
				2BC427FD281B33C0002AC304 /* kmWordleUITests */,
			);
		};
/* End PBXProject section */

/* Begin PBXResourcesBuildPhase section */
		2BC427DC281B33BE002AC304 /* Resources */ = {
			isa = PBXResourcesBuildPhase;
			buildActionMask = 2147483647;
			files = (
				2BC427EE281B33C0002AC304 /* LaunchScreen.storyboard in Resources */,
				2BC427EB281B33C0002AC304 /* Assets.xcassets in Resources */,
				2BC427E9281B33BE002AC304 /* Main.storyboard in Resources */,
			);
			runOnlyForDeploymentPostprocessing = 0;
		};
		2BC427F2281B33C0002AC304 /* Resources */ = {
			isa = PBXResourcesBuildPhase;
			buildActionMask = 2147483647;
			files = (
			);
			runOnlyForDeploymentPostprocessing = 0;
		};
		2BC427FC281B33C0002AC304 /* Resources */ = {
			isa = PBXResourcesBuildPhase;
			buildActionMask = 2147483647;
			files = (
			);
			runOnlyForDeploymentPostprocessing = 0;
		};
/* End PBXResourcesBuildPhase section */

/* Begin PBXSourcesBuildPhase section */
		2BC427DA281B33BE002AC304 /* Sources */ = {
			isa = PBXSourcesBuildPhase;
			buildActionMask = 2147483647;
			files = (
				2BC427E6281B33BE002AC304 /* ViewController.swift in Sources */,
				2BC427E2281B33BE002AC304 /* AppDelegate.swift in Sources */,
				2BC427E4281B33BE002AC304 /* SceneDelegate.swift in Sources */,
			);
			runOnlyForDeploymentPostprocessing = 0;
		};
		2BC427F0281B33C0002AC304 /* Sources */ = {
			isa = PBXSourcesBuildPhase;
			buildActionMask = 2147483647;
			files = (
				2BC427F9281B33C0002AC304 /* kmWordleTests.swift in Sources */,
			);
			runOnlyForDeploymentPostprocessing = 0;
		};
		2BC427FA281B33C0002AC304 /* Sources */ = {
			isa = PBXSourcesBuildPhase;
			buildActionMask = 2147483647;
			files = (
				2BC42805281B33C0002AC304 /* kmWordleUITestsLaunchTests.swift in Sources */,
				2BC42803281B33C0002AC304 /* kmWordleUITests.swift in Sources */,
			);
			runOnlyForDeploymentPostprocessing = 0;
		};
/* End PBXSourcesBuildPhase section */

/* Begin PBXTargetDependency section */
		2BC427F6281B33C0002AC304 /* PBXTargetDependency */ = {
			isa = PBXTargetDependency;
			target = 2BC427DD281B33BE002AC304 /* kmWordle */;
			targetProxy = 2BC427F5281B33C0002AC304 /* PBXContainerItemProxy */;
		};
		2BC42800281B33C0002AC304 /* PBXTargetDependency */ = {
			isa = PBXTargetDependency;
			target = 2BC427DD281B33BE002AC304 /* kmWordle */;
			targetProxy = 2BC427FF281B33C0002AC304 /* PBXContainerItemProxy */;
		};
/* End PBXTargetDependency section */

/* Begin PBXVariantGroup section */
		2BC427E7281B33BE002AC304 /* Main.storyboard */ = {
			isa = PBXVariantGroup;
			children = (
				2BC427E8281B33BE002AC304 /* Base */,
			);
			name = Main.storyboard;
			sourceTree = "<group>";
		};
		2BC427EC281B33C0002AC304 /* LaunchScreen.storyboard */ = {
			isa = PBXVariantGroup;
			children = (
				2BC427ED281B33C0002AC304 /* Base */,
			);
			name = LaunchScreen.storyboard;
			sourceTree = "<group>";
		};
/* End PBXVariantGroup section */

/* Begin XCBuildConfiguration section */
		2BC42806281B33C0002AC304 /* Debug */ = {
			isa = XCBuildConfiguration;
			buildSettings = {
				ALWAYS_SEARCH_USER_PATHS = NO;
				CLANG_ANALYZER_NONNULL = YES;
				CLANG_ANALYZER_NUMBER_OBJECT_CONVERSION = YES_AGGRESSIVE;
				CLANG_CXX_LANGUAGE_STANDARD = "gnu++17";
				CLANG_ENABLE_MODULES = YES;
				CLANG_ENABLE_OBJC_ARC = YES;
				CLANG_ENABLE_OBJC_WEAK = YES;
				CLANG_WARN_BLOCK_CAPTURE_AUTORELEASING = YES;
				CLANG_WARN_BOOL_CONVERSION = YES;
				CLANG_WARN_COMMA = YES;
				CLANG_WARN_CONSTANT_CONVERSION = YES;
				CLANG_WARN_DEPRECATED_OBJC_IMPLEMENTATIONS = YES;
				CLANG_WARN_DIRECT_OBJC_ISA_USAGE = YES_ERROR;
				CLANG_WARN_DOCUMENTATION_COMMENTS = YES;
				CLANG_WARN_EMPTY_BODY = YES;
				CLANG_WARN_ENUM_CONVERSION = YES;
				CLANG_WARN_INFINITE_RECURSION = YES;
				CLANG_WARN_INT_CONVERSION = YES;
				CLANG_WARN_NON_LITERAL_NULL_CONVERSION = YES;
				CLANG_WARN_OBJC_IMPLICIT_RETAIN_SELF = YES;
				CLANG_WARN_OBJC_LITERAL_CONVERSION = YES;
				CLANG_WARN_OBJC_ROOT_CLASS = YES_ERROR;
				CLANG_WARN_QUOTED_INCLUDE_IN_FRAMEWORK_HEADER = YES;
				CLANG_WARN_RANGE_LOOP_ANALYSIS = YES;
				CLANG_WARN_STRICT_PROTOTYPES = YES;
				CLANG_WARN_SUSPICIOUS_MOVE = YES;
				CLANG_WARN_UNGUARDED_AVAILABILITY = YES_AGGRESSIVE;
				CLANG_WARN_UNREACHABLE_CODE = YES;
				CLANG_WARN__DUPLICATE_METHOD_MATCH = YES;
				COPY_PHASE_STRIP = NO;
				DEBUG_INFORMATION_FORMAT = dwarf;
				ENABLE_STRICT_OBJC_MSGSEND = YES;
				ENABLE_TESTABILITY = YES;
				GCC_C_LANGUAGE_STANDARD = gnu11;
				GCC_DYNAMIC_NO_PIC = NO;
				GCC_NO_COMMON_BLOCKS = YES;
				GCC_OPTIMIZATION_LEVEL = 0;
				GCC_PREPROCESSOR_DEFINITIONS = (
					"DEBUG=1",
					"$(inherited)",
				);
				GCC_WARN_64_TO_32_BIT_CONVERSION = YES;
				GCC_WARN_ABOUT_RETURN_TYPE = YES_ERROR;
				GCC_WARN_UNDECLARED_SELECTOR = YES;
				GCC_WARN_UNINITIALIZED_AUTOS = YES_AGGRESSIVE;
				GCC_WARN_UNUSED_FUNCTION = YES;
				GCC_WARN_UNUSED_VARIABLE = YES;
				IPHONEOS_DEPLOYMENT_TARGET = 15.4;
				MTL_ENABLE_DEBUG_INFO = INCLUDE_SOURCE;
				MTL_FAST_MATH = YES;
				ONLY_ACTIVE_ARCH = YES;
				SDKROOT = iphoneos;
				SWIFT_ACTIVE_COMPILATION_CONDITIONS = DEBUG;
				SWIFT_OPTIMIZATION_LEVEL = "-Onone";
			};
			name = Debug;
		};
		2BC42807281B33C0002AC304 /* Release */ = {
			isa = XCBuildConfiguration;
			buildSettings = {
				ALWAYS_SEARCH_USER_PATHS = NO;
				CLANG_ANALYZER_NONNULL = YES;
				CLANG_ANALYZER_NUMBER_OBJECT_CONVERSION = YES_AGGRESSIVE;
				CLANG_CXX_LANGUAGE_STANDARD = "gnu++17";
				CLANG_ENABLE_MODULES = YES;
				CLANG_ENABLE_OBJC_ARC = YES;
				CLANG_ENABLE_OBJC_WEAK = YES;
				CLANG_WARN_BLOCK_CAPTURE_AUTORELEASING = YES;
				CLANG_WARN_BOOL_CONVERSION = YES;
				CLANG_WARN_COMMA = YES;
				CLANG_WARN_CONSTANT_CONVERSION = YES;
				CLANG_WARN_DEPRECATED_OBJC_IMPLEMENTATIONS = YES;
				CLANG_WARN_DIRECT_OBJC_ISA_USAGE = YES_ERROR;
				CLANG_WARN_DOCUMENTATION_COMMENTS = YES;
				CLANG_WARN_EMPTY_BODY = YES;
				CLANG_WARN_ENUM_CONVERSION = YES;
				CLANG_WARN_INFINITE_RECURSION = YES;
				CLANG_WARN_INT_CONVERSION = YES;
				CLANG_WARN_NON_LITERAL_NULL_CONVERSION = YES;
				CLANG_WARN_OBJC_IMPLICIT_RETAIN_SELF = YES;
				CLANG_WARN_OBJC_LITERAL_CONVERSION = YES;
				CLANG_WARN_OBJC_ROOT_CLASS = YES_ERROR;
				CLANG_WARN_QUOTED_INCLUDE_IN_FRAMEWORK_HEADER = YES;
				CLANG_WARN_RANGE_LOOP_ANALYSIS = YES;
				CLANG_WARN_STRICT_PROTOTYPES = YES;
				CLANG_WARN_SUSPICIOUS_MOVE = YES;
				CLANG_WARN_UNGUARDED_AVAILABILITY = YES_AGGRESSIVE;
				CLANG_WARN_UNREACHABLE_CODE = YES;
				CLANG_WARN__DUPLICATE_METHOD_MATCH = YES;
				COPY_PHASE_STRIP = NO;
				DEBUG_INFORMATION_FORMAT = "dwarf-with-dsym";
				ENABLE_NS_ASSERTIONS = NO;
				ENABLE_STRICT_OBJC_MSGSEND = YES;
				GCC_C_LANGUAGE_STANDARD = gnu11;
				GCC_NO_COMMON_BLOCKS = YES;
				GCC_WARN_64_TO_32_BIT_CONVERSION = YES;
				GCC_WARN_ABOUT_RETURN_TYPE = YES_ERROR;
				GCC_WARN_UNDECLARED_SELECTOR = YES;
				GCC_WARN_UNINITIALIZED_AUTOS = YES_AGGRESSIVE;
				GCC_WARN_UNUSED_FUNCTION = YES;
				GCC_WARN_UNUSED_VARIABLE = YES;
				IPHONEOS_DEPLOYMENT_TARGET = 15.4;
				MTL_ENABLE_DEBUG_INFO = NO;
				MTL_FAST_MATH = YES;
				SDKROOT = iphoneos;
				SWIFT_COMPILATION_MODE = wholemodule;
				SWIFT_OPTIMIZATION_LEVEL = "-O";
				VALIDATE_PRODUCT = YES;
			};
			name = Release;
		};
		2BC42809281B33C0002AC304 /* Debug */ = {
			isa = XCBuildConfiguration;
			buildSettings = {
				ASSETCATALOG_COMPILER_APPICON_NAME = AppIcon;
				ASSETCATALOG_COMPILER_GLOBAL_ACCENT_COLOR_NAME = AccentColor;
				CODE_SIGN_STYLE = Automatic;
				CURRENT_PROJECT_VERSION = 1;
				DEVELOPMENT_TEAM = VA952245Q9;
				GENERATE_INFOPLIST_FILE = YES;
				INFOPLIST_FILE = kmWordle/Info.plist;
				INFOPLIST_KEY_UIApplicationSupportsIndirectInputEvents = YES;
				INFOPLIST_KEY_UILaunchStoryboardName = LaunchScreen;
				INFOPLIST_KEY_UIMainStoryboardFile = Main;
				INFOPLIST_KEY_UISupportedInterfaceOrientations_iPad = "UIInterfaceOrientationPortrait UIInterfaceOrientationPortraitUpsideDown UIInterfaceOrientationLandscapeLeft UIInterfaceOrientationLandscapeRight";
				INFOPLIST_KEY_UISupportedInterfaceOrientations_iPhone = "UIInterfaceOrientationPortrait UIInterfaceOrientationLandscapeLeft UIInterfaceOrientationLandscapeRight";
				LD_RUNPATH_SEARCH_PATHS = (
					"$(inherited)",
					"@executable_path/Frameworks",
				);
				MARKETING_VERSION = 1.0;
				PRODUCT_BUNDLE_IDENTIFIER = com.lazygoatgames.kmWordle;
				PRODUCT_NAME = "$(TARGET_NAME)";
				SWIFT_EMIT_LOC_STRINGS = YES;
				SWIFT_VERSION = 5.0;
				TARGETED_DEVICE_FAMILY = "1,2";
			};
			name = Debug;
		};
		2BC4280A281B33C0002AC304 /* Release */ = {
			isa = XCBuildConfiguration;
			buildSettings = {
				ASSETCATALOG_COMPILER_APPICON_NAME = AppIcon;
				ASSETCATALOG_COMPILER_GLOBAL_ACCENT_COLOR_NAME = AccentColor;
				CODE_SIGN_STYLE = Automatic;
				CURRENT_PROJECT_VERSION = 1;
				DEVELOPMENT_TEAM = VA952245Q9;
				GENERATE_INFOPLIST_FILE = YES;
				INFOPLIST_FILE = kmWordle/Info.plist;
				INFOPLIST_KEY_UIApplicationSupportsIndirectInputEvents = YES;
				INFOPLIST_KEY_UILaunchStoryboardName = LaunchScreen;
				INFOPLIST_KEY_UIMainStoryboardFile = Main;
				INFOPLIST_KEY_UISupportedInterfaceOrientations_iPad = "UIInterfaceOrientationPortrait UIInterfaceOrientationPortraitUpsideDown UIInterfaceOrientationLandscapeLeft UIInterfaceOrientationLandscapeRight";
				INFOPLIST_KEY_UISupportedInterfaceOrientations_iPhone = "UIInterfaceOrientationPortrait UIInterfaceOrientationLandscapeLeft UIInterfaceOrientationLandscapeRight";
				LD_RUNPATH_SEARCH_PATHS = (
					"$(inherited)",
					"@executable_path/Frameworks",
				);
				MARKETING_VERSION = 1.0;
				PRODUCT_BUNDLE_IDENTIFIER = com.lazygoatgames.kmWordle;
				PRODUCT_NAME = "$(TARGET_NAME)";
				SWIFT_EMIT_LOC_STRINGS = YES;
				SWIFT_VERSION = 5.0;
				TARGETED_DEVICE_FAMILY = "1,2";
			};
			name = Release;
		};
		2BC4280C281B33C0002AC304 /* Debug */ = {
			isa = XCBuildConfiguration;
			buildSettings = {
				ALWAYS_EMBED_SWIFT_STANDARD_LIBRARIES = YES;
				BUNDLE_LOADER = "$(TEST_HOST)";
				CODE_SIGN_STYLE = Automatic;
				CURRENT_PROJECT_VERSION = 1;
				DEVELOPMENT_TEAM = VA952245Q9;
				GENERATE_INFOPLIST_FILE = YES;
				IPHONEOS_DEPLOYMENT_TARGET = 15.4;
				MARKETING_VERSION = 1.0;
				PRODUCT_BUNDLE_IDENTIFIER = com.lazygoatgames.kmWordleTests;
				PRODUCT_NAME = "$(TARGET_NAME)";
				SWIFT_EMIT_LOC_STRINGS = NO;
				SWIFT_VERSION = 5.0;
				TARGETED_DEVICE_FAMILY = "1,2";
				TEST_HOST = "$(BUILT_PRODUCTS_DIR)/kmWordle.app/kmWordle";
			};
			name = Debug;
		};
		2BC4280D281B33C0002AC304 /* Release */ = {
			isa = XCBuildConfiguration;
			buildSettings = {
				ALWAYS_EMBED_SWIFT_STANDARD_LIBRARIES = YES;
				BUNDLE_LOADER = "$(TEST_HOST)";
				CODE_SIGN_STYLE = Automatic;
				CURRENT_PROJECT_VERSION = 1;
				DEVELOPMENT_TEAM = VA952245Q9;
				GENERATE_INFOPLIST_FILE = YES;
				IPHONEOS_DEPLOYMENT_TARGET = 15.4;
				MARKETING_VERSION = 1.0;
				PRODUCT_BUNDLE_IDENTIFIER = com.lazygoatgames.kmWordleTests;
				PRODUCT_NAME = "$(TARGET_NAME)";
				SWIFT_EMIT_LOC_STRINGS = NO;
				SWIFT_VERSION = 5.0;
				TARGETED_DEVICE_FAMILY = "1,2";
				TEST_HOST = "$(BUILT_PRODUCTS_DIR)/kmWordle.app/kmWordle";
			};
			name = Release;
		};
		2BC4280F281B33C0002AC304 /* Debug */ = {
			isa = XCBuildConfiguration;
			buildSettings = {
				ALWAYS_EMBED_SWIFT_STANDARD_LIBRARIES = YES;
				CODE_SIGN_STYLE = Automatic;
				CURRENT_PROJECT_VERSION = 1;
				DEVELOPMENT_TEAM = VA952245Q9;
				GENERATE_INFOPLIST_FILE = YES;
				MARKETING_VERSION = 1.0;
				PRODUCT_BUNDLE_IDENTIFIER = com.lazygoatgames.kmWordleUITests;
				PRODUCT_NAME = "$(TARGET_NAME)";
				SWIFT_EMIT_LOC_STRINGS = NO;
				SWIFT_VERSION = 5.0;
				TARGETED_DEVICE_FAMILY = "1,2";
				TEST_TARGET_NAME = kmWordle;
			};
			name = Debug;
		};
		2BC42810281B33C0002AC304 /* Release */ = {
			isa = XCBuildConfiguration;
			buildSettings = {
				ALWAYS_EMBED_SWIFT_STANDARD_LIBRARIES = YES;
				CODE_SIGN_STYLE = Automatic;
				CURRENT_PROJECT_VERSION = 1;
				DEVELOPMENT_TEAM = VA952245Q9;
				GENERATE_INFOPLIST_FILE = YES;
				MARKETING_VERSION = 1.0;
				PRODUCT_BUNDLE_IDENTIFIER = com.lazygoatgames.kmWordleUITests;
				PRODUCT_NAME = "$(TARGET_NAME)";
				SWIFT_EMIT_LOC_STRINGS = NO;
				SWIFT_VERSION = 5.0;
				TARGETED_DEVICE_FAMILY = "1,2";
				TEST_TARGET_NAME = kmWordle;
			};
			name = Release;
		};
/* End XCBuildConfiguration section */

/* Begin XCConfigurationList section */
		2BC427D9281B33BE002AC304 /* Build configuration list for PBXProject "kmWordle" */ = {
			isa = XCConfigurationList;
			buildConfigurations = (
				2BC42806281B33C0002AC304 /* Debug */,
				2BC42807281B33C0002AC304 /* Release */,
			);
			defaultConfigurationIsVisible = 0;
			defaultConfigurationName = Release;
		};
		2BC42808281B33C0002AC304 /* Build configuration list for PBXNativeTarget "kmWordle" */ = {
			isa = XCConfigurationList;
			buildConfigurations = (
				2BC42809281B33C0002AC304 /* Debug */,
				2BC4280A281B33C0002AC304 /* Release */,
			);
			defaultConfigurationIsVisible = 0;
			defaultConfigurationName = Release;
		};
		2BC4280B281B33C0002AC304 /* Build configuration list for PBXNativeTarget "kmWordleTests" */ = {
			isa = XCConfigurationList;
			buildConfigurations = (
				2BC4280C281B33C0002AC304 /* Debug */,
				2BC4280D281B33C0002AC304 /* Release */,
			);
			defaultConfigurationIsVisible = 0;
			defaultConfigurationName = Release;
		};
		2BC4280E281B33C0002AC304 /* Build configuration list for PBXNativeTarget "kmWordleUITests" */ = {
			isa = XCConfigurationList;
			buildConfigurations = (
				2BC4280F281B33C0002AC304 /* Debug */,
				2BC42810281B33C0002AC304 /* Release */,
			);
			defaultConfigurationIsVisible = 0;
			defaultConfigurationName = Release;
		};
/* End XCConfigurationList section */
	};
	rootObject = 2BC427D6281B33BE002AC304 /* Project object */;
}
